
Microsoft Visual Studio Solution File, Format Version 12.00
# Visual Studio Version 16
VisualStudioVersion = 16.0.31829.152
MinimumVisualStudioVersion = 10.0.40219.1
Project("{FAE04EC0-301F-11D3-BF4B-00C04F79EFBC}") = "ImgTransformer", "ImgTransformer.csproj", "{12EA3CD3-24A0-49DA-9D39-6AB2DE901AF6}"
EndProject
Global
	GlobalSection(SolutionConfigurationPlatforms) = preSolution
		Debug|Any CPU = Debug|Any CPU
		Release|Any CPU = Release|Any CPU
	EndGlobalSection
	GlobalSection(ProjectConfigurationPlatforms) = postSolution
		{12EA3CD3-24A0-49DA-9D39-6AB2DE901AF6}.Debug|Any CPU.ActiveCfg = Debug|Any CPU
		{12EA3CD3-24A0-49DA-9D39-6AB2DE901AF6}.Debug|Any CPU.Build.0 = Debug|Any CPU
		{12EA3CD3-24A0-49DA-9D39-6AB2DE901AF6}.Release|Any CPU.ActiveCfg = Release|Any CPU
		{12EA3CD3-24A0-49DA-9D39-6AB2DE901AF6}.Release|Any CPU.Build.0 = Release|Any CPU
	EndGlobalSection
	GlobalSection(SolutionProperties) = preSolution
		HideSolutionNode = FALSE
	EndGlobalSection
	GlobalSection(ExtensibilityGlobals) = postSolution
		SolutionGuid = {20B0F530-D0D1-4D63-A4A1-449AD2EFE6F5}
	EndGlobalSection
EndGlobal
